PODS:
  - AppAuth (1.7.6):
    - AppAuth/Core (= 1.7.6)
    - AppAuth/ExternalUserAgent (= 1.7.6)
  - AppAuth/Core (1.7.6)
  - AppAuth/ExternalUserAgent (1.7.6):
    - AppAuth/Core
  - AppCheckCore (11.3.1):
    - GoogleUtilities/Environment (~> 8.0)
    - GoogleUtilities/UserDefaults (~> 8.0)
    - PromisesObjC (~> 2.4)
    - PromisesSwift (~> 2.4)
    - RecaptchaInterop (~> 101.0)
  - audioplayers_darwin (0.0.1):
    - Flutter
    - FlutterMacOS
  - connectivity_plus (0.0.1):
    - Flutter
    - ReachabilitySwift
  - device_info_plus (0.0.1):
    - Flutter
  - DKImagePickerController/Core (4.3.9):
    - DKImagePickerController/ImageDataManager
    - DKImagePickerController/Resource
  - DKImagePickerController/ImageDataManager (4.3.9)
  - DKImagePickerController/PhotoGallery (4.3.9):
    - DKImagePickerController/Core
    - DKPhotoGallery
  - DKImagePickerController/Resource (4.3.9)
  - DKPhotoGallery (0.0.19):
    - DKPhotoGallery/Core (= 0.0.19)
    - DKPhotoGallery/Model (= 0.0.19)
    - DKPhotoGallery/Preview (= 0.0.19)
    - DKPhotoGallery/Resource (= 0.0.19)
    - SDWebImage
    - SwiftyGif
  - DKPhotoGallery/Core (0.0.19):
    - DKPhotoGallery/Model
    - DKPhotoGallery/Preview
    - SDWebImage
    - SwiftyGif
  - DKPhotoGallery/Model (0.0.19):
    - SDWebImage
    - SwiftyGif
  - DKPhotoGallery/Preview (0.0.19):
    - DKPhotoGallery/Model
    - DKPhotoGallery/Resource
    - SDWebImage
    - SwiftyGif
  - DKPhotoGallery/Resource (0.0.19):
    - SDWebImage
    - SwiftyGif
  - facebook_app_events (0.28.0):
    - FBSDKCoreKit (~> 18.0)
    - Flutter
  - FBAEMKit (18.1.0):
    - FBSDKCoreKit_Basics (= 18.1.0)
  - FBSDKCoreKit (18.1.0):
    - FBAEMKit (= 18.1.0)
    - FBSDKCoreKit_Basics (= 18.1.0)
  - FBSDKCoreKit_Basics (18.1.0)
  - file_picker (0.0.1):
    - DKImagePickerController/PhotoGallery
    - Flutter
  - file_selector_ios (0.0.1):
    - Flutter
  - Firebase/Auth (12.8.0):
    - Firebase/CoreOnly
    - FirebaseAuth (~> 12.8.0)
  - Firebase/CoreOnly (12.8.0):
    - FirebaseCore (~> 12.8.0)
  - Firebase/Messaging (12.8.0):
    - Firebase/CoreOnly
    - FirebaseMessaging (~> 12.8.0)
  - firebase_auth (6.1.4):
    - Firebase/Auth (= 12.8.0)
    - firebase_core
    - Flutter
  - firebase_core (4.4.0):
    - Firebase/CoreOnly (= 12.8.0)
    - Flutter
  - firebase_messaging (16.1.1):
    - Firebase/Messaging (= 12.8.0)
    - firebase_core
    - Flutter
  - FirebaseAppCheckInterop (12.8.0)
  - FirebaseAuth (12.8.0):
    - FirebaseAppCheckInterop (~> 12.8.0)
    - FirebaseAuthInterop (~> 12.8.0)
    - FirebaseCore (~> 12.8.0)
    - FirebaseCoreExtension (~> 12.8.0)
    - GoogleUtilities/AppDelegateSwizzler (~> 8.1)
    - GoogleUtilities/Environment (~> 8.1)
    - GTMSessionFetcher/Core (< 6.0, >= 3.4)
    - RecaptchaInterop (~> 101.0)
  - FirebaseAuthInterop (12.8.0)
  - FirebaseCore (12.8.0):
    - FirebaseCoreInternal (~> 12.8.0)
    - GoogleUtilities/Environment (~> 8.1)
    - GoogleUtilities/Logger (~> 8.1)
  - FirebaseCoreExtension (12.8.0):
    - FirebaseCore (~> 12.8.0)
  - FirebaseCoreInternal (12.8.0):
    - "GoogleUtilities/NSData+zlib (~> 8.1)"
  - FirebaseInstallations (12.8.0):
    - FirebaseCore (~> 12.8.0)
    - GoogleUtilities/Environment (~> 8.1)
    - GoogleUtilities/UserDefaults (~> 8.1)
    - PromisesObjC (~> 2.4)
  - FirebaseMessaging (12.8.0):
    - FirebaseCore (~> 12.8.0)
    - FirebaseInstallations (~> 12.8.0)
    - GoogleDataTransport (~> 10.1)
    - GoogleUtilities/AppDelegateSwizzler (~> 8.1)
    - GoogleUtilities/Environment (~> 8.1)
    - GoogleUtilities/Reachability (~> 8.1)
    - GoogleUtilities/UserDefaults (~> 8.1)
    - nanopb (~> 3.30910.0)
  - Flutter (1.0.0)
  - flutter_app_badge_control (0.0.1):
    - Flutter
  - flutter_local_notifications (0.0.1):
    - Flutter
  - flutter_pdfview (1.0.2):
    - Flutter
  - flutter_secure_storage (6.0.0):
    - Flutter
  - fluttertoast (0.0.2):
    - Flutter
  - google_sign_in_ios (0.0.1):
    - AppAuth (>= 1.7.4)
    - Flutter
    - FlutterMacOS
    - GoogleSignIn (~> 8.0)
    - GTMSessionFetcher (>= 3.4.0)
  - GoogleDataTransport (10.1.1):
    - nanopb (~> 3.30910.0)
    - PromisesObjC (~> 2.4)
  - GoogleSignIn (8.0.0):
    - AppAuth (< 2.0, >= 1.7.3)
    - AppCheckCore (~> 11.0)
    - GTMAppAuth (< 5.0, >= 4.1.1)
    - GTMSessionFetcher/Core (~> 3.3)
  - GoogleUtilities/AppDelegateSwizzler (8.1.2):
    - GoogleUtilities/Environment
    - GoogleUtilities/Logger
    - GoogleUtilities/Network
    - GoogleUtilities/Privacy
  - GoogleUtilities/Environment (8.1.2):
    - GoogleUtilities/Privacy
  - GoogleUtilities/Logger (8.1.2):
    - GoogleUtilities/Environment
    - GoogleUtilities/Privacy
  - GoogleUtilities/Network (8.1.2):
    - GoogleUtilities/Logger
    - "GoogleUtilities/NSData+zlib"
    - GoogleUtilities/Privacy
    - GoogleUtilities/Reachability
  - "GoogleUtilities/NSData+zlib (8.1.2)":
    - GoogleUtilities/Privacy
  - GoogleUtilities/Privacy (8.1.2)
  - GoogleUtilities/Reachability (8.1.2):
    - GoogleUtilities/Logger
    - GoogleUtilities/Privacy
  - GoogleUtilities/UserDefaults (8.1.2):
    - GoogleUtilities/Logger
    - GoogleUtilities/Privacy
  - GTMAppAuth (4.1.1):
    - AppAuth/Core (~> 1.7)
    - GTMSessionFetcher/Core (< 4.0, >= 3.3)
  - GTMSessionFetcher (3.5.0):
    - GTMSessionFetcher/Full (= 3.5.0)
  - GTMSessionFetcher/Core (3.5.0)
  - GTMSessionFetcher/Full (3.5.0):
    - GTMSessionFetcher/Core
  - image_cropper (0.0.5):
    - Flutter
    - TOCropViewController (~> 3.1.2)
  - image_picker_ios (0.0.1):
    - Flutter
  - nanopb (3.30910.0):
    - nanopb/decode (= 3.30910.0)
    - nanopb/encode (= 3.30910.0)
  - nanopb/decode (3.30910.0)
  - nanopb/encode (3.30910.0)
  - open_filex (0.0.2):
    - Flutter
  - package_info_plus (0.4.5):
    - Flutter
  - path_provider_foundation (0.0.1):
    - Flutter
    - FlutterMacOS
  - PromisesObjC (2.4.1)
  - PromisesSwift (2.4.1):
    - PromisesObjC (= 2.4.1)
  - razorpay-core-pod (1.0.7)
  - razorpay-pod (1.5.7):
    - razorpay-core-pod (= 1.0.7)
  - razorpay_flutter (1.1.10):
    - Flutter
    - razorpay-pod
  - ReachabilitySwift (5.2.4)
  - RecaptchaInterop (101.0.0)
  - SDWebImage (5.21.7):
    - SDWebImage/Core (= 5.21.7)
  - SDWebImage/Core (5.21.7)
  - sensors_plus (0.0.1):
    - Flutter
  - shared_preferences_foundation (0.0.1):
    - Flutter
    - FlutterMacOS
  - sms_autofill (0.0.1):
    - Flutter
  - sqflite_darwin (0.0.4):
    - Flutter
    - FlutterMacOS
  - SwiftyGif (5.4.5)
  - TOCropViewController (3.1.2)
  - url_launcher_ios (0.0.1):
    - Flutter
  - video_player_avfoundation (0.0.1):
    - Flutter
    - FlutterMacOS

DEPENDENCIES:
  - audioplayers_darwin (from `.symlinks/plugins/audioplayers_darwin/darwin`)
  - connectivity_plus (from `.symlinks/plugins/connectivity_plus/ios`)
  - device_info_plus (from `.symlinks/plugins/device_info_plus/ios`)
  - facebook_app_events (from `.symlinks/plugins/facebook_app_events/ios`)
  - file_picker (from `.symlinks/plugins/file_picker/ios`)
  - file_selector_ios (from `.symlinks/plugins/file_selector_ios/ios`)
  - firebase_auth (from `.symlinks/plugins/firebase_auth/ios`)
  - firebase_core (from `.symlinks/plugins/firebase_core/ios`)
  - firebase_messaging (from `.symlinks/plugins/firebase_messaging/ios`)
  - Flutter (from `Flutter`)
  - flutter_app_badge_control (from `.symlinks/plugins/flutter_app_badge_control/ios`)
  - flutter_local_notifications (from `.symlinks/plugins/flutter_local_notifications/ios`)
  - flutter_pdfview (from `.symlinks/plugins/flutter_pdfview/ios`)
  - flutter_secure_storage (from `.symlinks/plugins/flutter_secure_storage/ios`)
  - fluttertoast (from `.symlinks/plugins/fluttertoast/ios`)
  - google_sign_in_ios (from `.symlinks/plugins/google_sign_in_ios/darwin`)
  - image_cropper (from `.symlinks/plugins/image_cropper/ios`)
  - image_picker_ios (from `.symlinks/plugins/image_picker_ios/ios`)
  - open_filex (from `.symlinks/plugins/open_filex/ios`)
  - package_info_plus (from `.symlinks/plugins/package_info_plus/ios`)
  - path_provider_foundation (from `.symlinks/plugins/path_provider_foundation/darwin`)
  - razorpay_flutter (from `.symlinks/plugins/razorpay_flutter/ios`)
  - sensors_plus (from `.symlinks/plugins/sensors_plus/ios`)
  - shared_preferences_foundation (from `.symlinks/plugins/shared_preferences_foundation/darwin`)
  - sms_autofill (from `.symlinks/plugins/sms_autofill/ios`)
  - sqflite_darwin (from `.symlinks/plugins/sqflite_darwin/darwin`)
  - url_launcher_ios (from `.symlinks/plugins/url_launcher_ios/ios`)
  - video_player_avfoundation (from `.symlinks/plugins/video_player_avfoundation/darwin`)

SPEC REPOS:
  trunk:
    - AppAuth
    - AppCheckCore
    - DKImagePickerController
    - DKPhotoGallery
    - FBAEMKit
    - FBSDKCoreKit
    - FBSDKCoreKit_Basics
    - Firebase
    - FirebaseAppCheckInterop
    - FirebaseAuth
    - FirebaseAuthInterop
    - FirebaseCore
    - FirebaseCoreExtension
    - FirebaseCoreInternal
    - FirebaseInstallations
    - FirebaseMessaging
    - GoogleDataTransport
    - GoogleSignIn
    - GoogleUtilities
    - GTMAppAuth
    - GTMSessionFetcher
    - nanopb
    - PromisesObjC
    - PromisesSwift
    - razorpay-core-pod
    - razorpay-pod
    - ReachabilitySwift
    - RecaptchaInterop
    - SDWebImage
    - SwiftyGif
    - TOCropViewController

EXTERNAL SOURCES:
  audioplayers_darwin:
    :path: ".symlinks/plugins/audioplayers_darwin/darwin"
  connectivity_plus:
    :path: ".symlinks/plugins/connectivity_plus/ios"
  device_info_plus:
    :path: ".symlinks/plugins/device_info_plus/ios"
  facebook_app_events:
    :path: ".symlinks/plugins/facebook_app_events/ios"
  file_picker:
    :path: ".symlinks/plugins/file_picker/ios"
  file_selector_ios:
    :path: ".symlinks/plugins/file_selector_ios/ios"
  firebase_auth:
    :path: ".symlinks/plugins/firebase_auth/ios"
  firebase_core:
    :path: ".symlinks/plugins/firebase_core/ios"
  firebase_messaging:
    :path: ".symlinks/plugins/firebase_messaging/ios"
  Flutter:
    :path: Flutter
  flutter_app_badge_control:
    :path: ".symlinks/plugins/flutter_app_badge_control/ios"
  flutter_local_notifications:
    :path: ".symlinks/plugins/flutter_local_notifications/ios"
  flutter_pdfview:
    :path: ".symlinks/plugins/flutter_pdfview/ios"
  flutter_secure_storage:
    :path: ".symlinks/plugins/flutter_secure_storage/ios"
  fluttertoast:
    :path: ".symlinks/plugins/fluttertoast/ios"
  google_sign_in_ios:
    :path: ".symlinks/plugins/google_sign_in_ios/darwin"
  image_cropper:
    :path: ".symlinks/plugins/image_cropper/ios"
  image_picker_ios:
    :path: ".symlinks/plugins/image_picker_ios/ios"
  open_filex:
    :path: ".symlinks/plugins/open_filex/ios"
  package_info_plus:
    :path: ".symlinks/plugins/package_info_plus/ios"
  path_provider_foundation:
    :path: ".symlinks/plugins/path_provider_foundation/darwin"
  razorpay_flutter:
    :path: ".symlinks/plugins/razorpay_flutter/ios"
  sensors_plus:
    :path: ".symlinks/plugins/sensors_plus/ios"
  shared_preferences_foundation:
    :path: ".symlinks/plugins/shared_preferences_foundation/darwin"
  sms_autofill:
    :path: ".symlinks/plugins/sms_autofill/ios"
  sqflite_darwin:
    :path: ".symlinks/plugins/sqflite_darwin/darwin"
  url_launcher_ios:
    :path: ".symlinks/plugins/url_launcher_ios/ios"
  video_player_avfoundation:
    :path: ".symlinks/plugins/video_player_avfoundation/darwin"

SPEC CHECKSUMS:
  AppAuth: d4f13a8fe0baf391b2108511793e4b479691fb73
  AppCheckCore: e215d35177a9cf469927863e69c13e220df32a8b
  audioplayers_darwin: 4f9ca89d92d3d21cec7ec580e78ca888e5fb68bd
  connectivity_plus: 481668c94744c30c53b8895afb39159d1e619bdf
  device_info_plus: 71ffc6ab7634ade6267c7a93088ed7e4f74e5896
  DKImagePickerController: 946cec48c7873164274ecc4624d19e3da4c1ef3c
  DKPhotoGallery: b3834fecb755ee09a593d7c9e389d8b5d6deed60
  facebook_app_events: 7071d1288602447f9cd95477f2f983b18c1dfed6
  FBAEMKit: 64088ff0380f50e4a56e2ee07d984f7f1aef7595
  FBSDKCoreKit: 8390ea3a8fac186f444275f31d7512e760b47cba
  FBSDKCoreKit_Basics: 3a0005c78b355388bf2df5c6dbe6381b77ea4be3
  file_picker: a0560bc09d61de87f12d246fc47d2119e6ef37be
  file_selector_ios: ec57ec07954363dd730b642e765e58f199bb621a
  Firebase: 9a58fdbc9d8655ed7b79a19cf9690bb007d3d46d
  firebase_auth: e9031a1dbe04a90d98e8d11ff2302352a1c6d9e8
  firebase_core: ee30637e6744af8e0c12a6a1e8a9718506ec2398
  firebase_messaging: 343de01a8d3e18b60df0c6d37f7174c44ae38e02
  FirebaseAppCheckInterop: ba3dc604a89815379e61ec2365101608d365cf7d
  FirebaseAuth: 4c289b1a43f5955283244a55cf6bd616de344be5
  FirebaseAuthInterop: 95363fe96493cb4f106656666a0768b420cba090
  FirebaseCore: 0dbad74bda10b8fb9ca34ad8f375fb9dd3ebef7c
  FirebaseCoreExtension: 6605938d51f765d8b18bfcafd2085276a252bee2
  FirebaseCoreInternal: fe5fa466aeb314787093a7dce9f0beeaad5a2a21
  FirebaseInstallations: 6a14ab3d694ebd9f839c48d330da5547e9ca9dc0
  FirebaseMessaging: 7f42cfd10ec64181db4e01b305a613791c8e782c
  Flutter: cabc95a1d2626b1b06e7179b784ebcf0c0cde467
  flutter_app_badge_control: 1f0ac37334d1a2da72bde7e4d3c6c8675517a471
  flutter_local_notifications: ad39620c743ea4c15127860f4b5641649a988100
  flutter_pdfview: 32bf27bda6fd85b9dd2c09628a824df5081246cf
  flutter_secure_storage: 1ed9476fba7e7a782b22888f956cce43e2c62f13
  fluttertoast: 2c67e14dce98bbdb200df9e1acf610d7a6264ea1
  google_sign_in_ios: b48bb9af78576358a168361173155596c845f0b9
  GoogleDataTransport: a24e58982ab3ba2f64d79613e027fe7f57e88539
  GoogleSignIn: ce8c89bb9b37fb624b92e7514cc67335d1e277e4
  GoogleUtilities: 766ace00c6b10d8148408f329d10c4f051931850
  GTMAppAuth: f69bd07d68cd3b766125f7e072c45d7340dea0de
  GTMSessionFetcher: 5aea5ba6bd522a239e236100971f10cb71b96ab6
  image_cropper: fca51f94982730acae168c4b5d691e0f11aeb259
  image_picker_ios: e0ece4aa2a75771a7de3fa735d26d90817041326
  nanopb: fad817b59e0457d11a5dfbde799381cd727c1275
  open_filex: 432f3cd11432da3e39f47fcc0df2b1603854eff1
  package_info_plus: 566e1b7a2f3900e4b0020914ad3fc051dcc95596
  path_provider_foundation: bb55f6dbba17d0dccd6737fe6f7f34fbd0376880
  PromisesObjC: 752c3227f599e3467650e47ea36f433eeb10c273
  PromisesSwift: 217dea0fd5d2ad65222a109c48698add13cc1c5b
  razorpay-core-pod: c7f3ac3d214c1a7fac4e9a59c1de7eac02130573
  razorpay-pod: 3c91ef4895d389968a5c56a6f1e9943e44b50fa0
  razorpay_flutter: 0e98e4fcaae27ad50e011d85f66d85e0a008754a
  ReachabilitySwift: 32793e867593cfc1177f5d16491e3a197d2fccda
  RecaptchaInterop: 11e0b637842dfb48308d242afc3f448062325aba
  SDWebImage: e9fc87c1aab89a8ab1bbd74eba378c6f53be8abf
  sensors_plus: 6a11ed0c2e1d0bd0b20b4029d3bad27d96e0c65b
  shared_preferences_foundation: 7036424c3d8ec98dfe75ff1667cb0cd531ec82bb
  sms_autofill: b36b2147535657fea83d7f3898d7831de70bd8e4
  sqflite_darwin: 20b2a3a3b70e43edae938624ce550a3cbf66a3d0
  SwiftyGif: 706c60cf65fa2bc5ee0313beece843c8eb8194d4
  TOCropViewController: a916930c465b5d9445a74d95e0c0da931771b4df
  url_launcher_ios: 7a95fa5b60cc718a708b8f2966718e93db0cef1b
  video_player_avfoundation: dd410b52df6d2466a42d28550e33e4146928280a

PODFILE CHECKSUM: 4b015915ec662986b54bf30ab778da63f7dda016

COCOAPODS: 1.16.2
